
Microsoft Visual Studio Solution File, Format Version 12.00
# Visual Studio Version 17
VisualStudioVersion = 17.4.33213.308
MinimumVisualStudioVersion = 10.0.40219.1
Project("{2150E333-8FDC-42A3-9474-1A3956D46DE8}") = "Services", "Services", "{5CA798E0-C820-4C5A-91BD-81041E14C369}"
EndProject
Project("{2150E333-8FDC-42A3-9474-1A3956D46DE8}") = "Catalog", "Catalog", "{0E633608-C1B4-4051-B808-971C3CF3D1AF}"
EndProject
Project("{9A19103F-16F7-4668-BE54-9A1E7A4F7556}") = "Catalog.API", "Services\Catalog\Catalog.API\Catalog.API.csproj", "{D6BCA078-1A12-4BF8-87ED-DC01724C44C1}"
EndProject
Project("{E53339B2-1760-4266-BCC7-CA923CBCF16C}") = "docker-compose", "docker-compose.dcproj", "{5655227A-D13B-4C0B-80AC-3E4AC8E2C941}"
EndProject
Project("{2150E333-8FDC-42A3-9474-1A3956D46DE8}") = "Basket", "Basket", "{563B00A2-0D03-4FCD-87A8-E283D0946A36}"
EndProject
Project("{9A19103F-16F7-4668-BE54-9A1E7A4F7556}") = "Basket.API", "Services\Basket\Basket.API\Basket.API.csproj", "{C71C2FDB-6F61-4A92-B3EF-7D65BA006B4C}"
EndProject
Project("{2150E333-8FDC-42A3-9474-1A3956D46DE8}") = "Discount", "Discount", "{D14F7C35-8E76-4BD7-94BD-D9476EB9E52E}"
EndProject
Project("{9A19103F-16F7-4668-BE54-9A1E7A4F7556}") = "Discount.API", "Services\Discount\Discount.API\Discount.API.csproj", "{F2D2CEEA-BCAB-40FC-A3C6-9C50726B71A5}"
EndProject
Project("{9A19103F-16F7-4668-BE54-9A1E7A4F7556}") = "Discount.Grpc", "Services\Discount\Discount.Grpc\Discount.Grpc.csproj", "{941D1CDF-953C-49CD-91A8-88DE160A2AC1}"
EndProject
Project("{2150E333-8FDC-42A3-9474-1A3956D46DE8}") = "Ordering", "Ordering", "{D8467D88-518A-43B0-B9DB-2FFFF49ACACC}"
EndProject
Project("{FAE04EC0-301F-11D3-BF4B-00C04F79EFBC}") = "Ordering.API", "Services\Ordering\Ordering.API\Ordering.API.csproj", "{5A794246-E366-4057-9978-E688F76A1D5C}"
EndProject
Project("{FAE04EC0-301F-11D3-BF4B-00C04F79EFBC}") = "Ordering.Domain", "Services\Ordering\Ordering.Domain\Ordering.Domain.csproj", "{54AB71E9-1316-48B3-A492-41160BECECAE}"
EndProject
Project("{FAE04EC0-301F-11D3-BF4B-00C04F79EFBC}") = "Ordering.Application", "Services\Ordering\Ordering.Application\Ordering.Application.csproj", "{D6FF0BAA-5E60-435F-A7A0-236205BDFEC8}"
EndProject
Project("{FAE04EC0-301F-11D3-BF4B-00C04F79EFBC}") = "Ordering.Infrastructure", "Services\Ordering\Ordering.Infrastructure\Ordering.Infrastructure.csproj", "{89E9A725-7515-4086-8B20-E92B60A286F0}"
EndProject
Global
	GlobalSection(SolutionConfigurationPlatforms) = preSolution
		Debug|Any CPU = Debug|Any CPU
		Release|Any CPU = Release|Any CPU
	EndGlobalSection
	GlobalSection(ProjectConfigurationPlatforms) = postSolution
		{D6BCA078-1A12-4BF8-87ED-DC01724C44C1}.Debug|Any CPU.ActiveCfg = Debug|Any CPU
		{D6BCA078-1A12-4BF8-87ED-DC01724C44C1}.Debug|Any CPU.Build.0 = Debug|Any CPU
		{D6BCA078-1A12-4BF8-87ED-DC01724C44C1}.Release|Any CPU.ActiveCfg = Release|Any CPU
		{D6BCA078-1A12-4BF8-87ED-DC01724C44C1}.Release|Any CPU.Build.0 = Release|Any CPU
		{5655227A-D13B-4C0B-80AC-3E4AC8E2C941}.Debug|Any CPU.ActiveCfg = Debug|Any CPU
		{5655227A-D13B-4C0B-80AC-3E4AC8E2C941}.Debug|Any CPU.Build.0 = Debug|Any CPU
		{5655227A-D13B-4C0B-80AC-3E4AC8E2C941}.Release|Any CPU.ActiveCfg = Release|Any CPU
		{5655227A-D13B-4C0B-80AC-3E4AC8E2C941}.Release|Any CPU.Build.0 = Release|Any CPU
		{C71C2FDB-6F61-4A92-B3EF-7D65BA006B4C}.Debug|Any CPU.ActiveCfg = Debug|Any CPU
		{C71C2FDB-6F61-4A92-B3EF-7D65BA006B4C}.Debug|Any CPU.Build.0 = Debug|Any CPU
		{C71C2FDB-6F61-4A92-B3EF-7D65BA006B4C}.Release|Any CPU.ActiveCfg = Release|Any CPU
		{C71C2FDB-6F61-4A92-B3EF-7D65BA006B4C}.Release|Any CPU.Build.0 = Release|Any CPU
		{F2D2CEEA-BCAB-40FC-A3C6-9C50726B71A5}.Debug|Any CPU.ActiveCfg = Debug|Any CPU
		{F2D2CEEA-BCAB-40FC-A3C6-9C50726B71A5}.Debug|Any CPU.Build.0 = Debug|Any CPU
		{F2D2CEEA-BCAB-40FC-A3C6-9C50726B71A5}.Release|Any CPU.ActiveCfg = Release|Any CPU
		{F2D2CEEA-BCAB-40FC-A3C6-9C50726B71A5}.Release|Any CPU.Build.0 = Release|Any CPU
		{941D1CDF-953C-49CD-91A8-88DE160A2AC1}.Debug|Any CPU.ActiveCfg = Debug|Any CPU
		{941D1CDF-953C-49CD-91A8-88DE160A2AC1}.Debug|Any CPU.Build.0 = Debug|Any CPU
		{941D1CDF-953C-49CD-91A8-88DE160A2AC1}.Release|Any CPU.ActiveCfg = Release|Any CPU
		{941D1CDF-953C-49CD-91A8-88DE160A2AC1}.Release|Any CPU.Build.0 = Release|Any CPU
		{5A794246-E366-4057-9978-E688F76A1D5C}.Debug|Any CPU.ActiveCfg = Debug|Any CPU
		{5A794246-E366-4057-9978-E688F76A1D5C}.Debug|Any CPU.Build.0 = Debug|Any CPU
		{5A794246-E366-4057-9978-E688F76A1D5C}.Release|Any CPU.ActiveCfg = Release|Any CPU
		{5A794246-E366-4057-9978-E688F76A1D5C}.Release|Any CPU.Build.0 = Release|Any CPU
		{54AB71E9-1316-48B3-A492-41160BECECAE}.Debug|Any CPU.ActiveCfg = Debug|Any CPU
		{54AB71E9-1316-48B3-A492-41160BECECAE}.Debug|Any CPU.Build.0 = Debug|Any CPU
		{54AB71E9-1316-48B3-A492-41160BECECAE}.Release|Any CPU.ActiveCfg = Release|Any CPU
		{54AB71E9-1316-48B3-A492-41160BECECAE}.Release|Any CPU.Build.0 = Release|Any CPU
		{D6FF0BAA-5E60-435F-A7A0-236205BDFEC8}.Debug|Any CPU.ActiveCfg = Debug|Any CPU
		{D6FF0BAA-5E60-435F-A7A0-236205BDFEC8}.Debug|Any CPU.Build.0 = Debug|Any CPU
		{D6FF0BAA-5E60-435F-A7A0-236205BDFEC8}.Release|Any CPU.ActiveCfg = Release|Any CPU
		{D6FF0BAA-5E60-435F-A7A0-236205BDFEC8}.Release|Any CPU.Build.0 = Release|Any CPU
		{89E9A725-7515-4086-8B20-E92B60A286F0}.Debug|Any CPU.ActiveCfg = Debug|Any CPU
		{89E9A725-7515-4086-8B20-E92B60A286F0}.Debug|Any CPU.Build.0 = Debug|Any CPU
		{89E9A725-7515-4086-8B20-E92B60A286F0}.Release|Any CPU.ActiveCfg = Release|Any CPU
		{89E9A725-7515-4086-8B20-E92B60A286F0}.Release|Any CPU.Build.0 = Release|Any CPU
	EndGlobalSection
	GlobalSection(SolutionProperties) = preSolution
		HideSolutionNode = FALSE
	EndGlobalSection
	GlobalSection(NestedProjects) = preSolution
		{0E633608-C1B4-4051-B808-971C3CF3D1AF} = {5CA798E0-C820-4C5A-91BD-81041E14C369}
		{D6BCA078-1A12-4BF8-87ED-DC01724C44C1} = {0E633608-C1B4-4051-B808-971C3CF3D1AF}
		{563B00A2-0D03-4FCD-87A8-E283D0946A36} = {5CA798E0-C820-4C5A-91BD-81041E14C369}
		{C71C2FDB-6F61-4A92-B3EF-7D65BA006B4C} = {563B00A2-0D03-4FCD-87A8-E283D0946A36}
		{D14F7C35-8E76-4BD7-94BD-D9476EB9E52E} = {5CA798E0-C820-4C5A-91BD-81041E14C369}
		{F2D2CEEA-BCAB-40FC-A3C6-9C50726B71A5} = {D14F7C35-8E76-4BD7-94BD-D9476EB9E52E}
		{941D1CDF-953C-49CD-91A8-88DE160A2AC1} = {D14F7C35-8E76-4BD7-94BD-D9476EB9E52E}
		{D8467D88-518A-43B0-B9DB-2FFFF49ACACC} = {5CA798E0-C820-4C5A-91BD-81041E14C369}
		{5A794246-E366-4057-9978-E688F76A1D5C} = {D8467D88-518A-43B0-B9DB-2FFFF49ACACC}
		{54AB71E9-1316-48B3-A492-41160BECECAE} = {D8467D88-518A-43B0-B9DB-2FFFF49ACACC}
		{D6FF0BAA-5E60-435F-A7A0-236205BDFEC8} = {D8467D88-518A-43B0-B9DB-2FFFF49ACACC}
		{89E9A725-7515-4086-8B20-E92B60A286F0} = {D8467D88-518A-43B0-B9DB-2FFFF49ACACC}
	EndGlobalSection
	GlobalSection(ExtensibilityGlobals) = postSolution
		SolutionGuid = {1877AE17-13DB-46FE-BDAD-BDD280083A98}
	EndGlobalSection
EndGlobal
